
Microsoft Visual Studio Solution File, Format Version 12.00
Project("{FAE04EC0-301F-11D3-BF4B-00C04F79EFBC}") = "EventGenerator", "EventGenerator\EventGenerator.csproj", "{5B6920EA-970D-43EF-8614-1309C64FE552}"
EndProject
Project("{FAE04EC0-301F-11D3-BF4B-00C04F79EFBC}") = "EventProcessor", "EventProcessor\EventProcessor.csproj", "{18A183BD-A1B8-4E50-A301-CF601755994E}"
EndProject
Project("{FAE04EC0-301F-11D3-BF4B-00C04F79EFBC}") = "Domain", "Domain\Domain.csproj", "{5AA1A26D-BB38-4D4B-BD79-0D3109F8897E}"
EndProject
Project("{2150E333-8FDC-42A3-9474-1A3956D46DE8}") = "Shared", "Shared", "{A88B1497-7204-4CA4-B885-2DB5D20060FE}"
EndProject
Project("{FAE04EC0-301F-11D3-BF4B-00C04F79EFBC}") = "Shared", "Shared\Shared.csproj", "{59B764D0-27DF-4E54-827F-ED60EC60275F}"
EndProject
Global
	GlobalSection(SolutionConfigurationPlatforms) = preSolution
		Debug|Any CPU = Debug|Any CPU
		Release|Any CPU = Release|Any CPU
	EndGlobalSection
	GlobalSection(ProjectConfigurationPlatforms) = postSolution
		{5B6920EA-970D-43EF-8614-1309C64FE552}.Debug|Any CPU.ActiveCfg = Debug|Any CPU
		{5B6920EA-970D-43EF-8614-1309C64FE552}.Debug|Any CPU.Build.0 = Debug|Any CPU
		{5B6920EA-970D-43EF-8614-1309C64FE552}.Release|Any CPU.ActiveCfg = Release|Any CPU
		{5B6920EA-970D-43EF-8614-1309C64FE552}.Release|Any CPU.Build.0 = Release|Any CPU
		{18A183BD-A1B8-4E50-A301-CF601755994E}.Debug|Any CPU.ActiveCfg = Debug|Any CPU
		{18A183BD-A1B8-4E50-A301-CF601755994E}.Debug|Any CPU.Build.0 = Debug|Any CPU
		{18A183BD-A1B8-4E50-A301-CF601755994E}.Release|Any CPU.ActiveCfg = Release|Any CPU
		{18A183BD-A1B8-4E50-A301-CF601755994E}.Release|Any CPU.Build.0 = Release|Any CPU
		{5AA1A26D-BB38-4D4B-BD79-0D3109F8897E}.Debug|Any CPU.ActiveCfg = Debug|Any CPU
		{5AA1A26D-BB38-4D4B-BD79-0D3109F8897E}.Debug|Any CPU.Build.0 = Debug|Any CPU
		{5AA1A26D-BB38-4D4B-BD79-0D3109F8897E}.Release|Any CPU.ActiveCfg = Release|Any CPU
		{5AA1A26D-BB38-4D4B-BD79-0D3109F8897E}.Release|Any CPU.Build.0 = Release|Any CPU
		{59B764D0-27DF-4E54-827F-ED60EC60275F}.Debug|Any CPU.ActiveCfg = Debug|Any CPU
		{59B764D0-27DF-4E54-827F-ED60EC60275F}.Debug|Any CPU.Build.0 = Debug|Any CPU
		{59B764D0-27DF-4E54-827F-ED60EC60275F}.Release|Any CPU.ActiveCfg = Release|Any CPU
		{59B764D0-27DF-4E54-827F-ED60EC60275F}.Release|Any CPU.Build.0 = Release|Any CPU
	EndGlobalSection
EndGlobal
